
Microsoft Visual Studio Solution File, Format Version 12.00
# Visual Studio Version 16
VisualStudioVersion = 16.0.30413.136
MinimumVisualStudioVersion = 10.0.40219.1
Project("{FAE04EC0-301F-11D3-BF4B-00C04F79EFBC}") = "DragDrop", "DragDrop.csproj", "{FD71D873-C85B-4018-9C5A-411EBB94A264}"
EndProject
Global
	GlobalSection(SolutionConfigurationPlatforms) = preSolution
		Debug|Any CPU = Debug|Any CPU
		Release|Any CPU = Release|Any CPU
	EndGlobalSection
	GlobalSection(ProjectConfigurationPlatforms) = postSolution
		{FD71D873-C85B-4018-9C5A-411EBB94A264}.Debug|Any CPU.ActiveCfg = Debug|Any CPU
		{FD71D873-C85B-4018-9C5A-411EBB94A264}.Debug|Any CPU.Build.0 = Debug|Any CPU
		{FD71D873-C85B-4018-9C5A-411EBB94A264}.Release|Any CPU.ActiveCfg = Release|Any CPU
		{FD71D873-C85B-4018-9C5A-411EBB94A264}.Release|Any CPU.Build.0 = Release|Any CPU
	EndGlobalSection
	GlobalSection(SolutionProperties) = preSolution
		HideSolutionNode = FALSE
	EndGlobalSection
	GlobalSection(ExtensibilityGlobals) = postSolution
		SolutionGuid = {C7A30E33-5994-4C90-87BE-56E8600B5DE3}
	EndGlobalSection
EndGlobal
